// !$*UTF8*$!
{
	archiveVersion = 1;
	classes = {
	};
	objectVersion = 56;
	objects = {

/* Begin PBXBuildFile section */
		347C05812C59A76C0002D3C4 /* AppDelegate.swift in Sources */ = {isa = PBXBuildFile; fileRef = 347C05802C59A76C0002D3C4 /* AppDelegate.swift */; };
		347C05832C59A76C0002D3C4 /* SceneDelegate.swift in Sources */ = {isa = PBXBuildFile; fileRef = 347C05822C59A76C0002D3C4 /* SceneDelegate.swift */; };
		347C05852C59A76C0002D3C4 /* ViewController.swift in Sources */ = {isa = PBXBuildFile; fileRef = 347C05842C59A76C0002D3C4 /* ViewController.swift */; };
		347C05882C59A76C0002D3C4 /* Base in Resources */ = {isa = PBXBuildFile; fileRef = 347C05872C59A76C0002D3C4 /* Base */; };
		347C058A2C59A76D0002D3C4 /* Assets.xcassets in Resources */ = {isa = PBXBuildFile; fileRef = 347C05892C59A76D0002D3C4 /* Assets.xcassets */; };
		347C058D2C59A76D0002D3C4 /* Base in Resources */ = {isa = PBXBuildFile; fileRef = 347C058C2C59A76D0002D3C4 /* Base */; };
		347C05982C59A76D0002D3C4 /* FetchTests.swift in Sources */ = {isa = PBXBuildFile; fileRef = 347C05972C59A76D0002D3C4 /* FetchTests.swift */; };
		347C05A22C59A76D0002D3C4 /* FetchUITests.swift in Sources */ = {isa = PBXBuildFile; fileRef = 347C05A12C59A76D0002D3C4 /* FetchUITests.swift */; };
		347C05A42C59A76D0002D3C4 /* FetchUITestsLaunchTests.swift in Sources */ = {isa = PBXBuildFile; fileRef = 347C05A32C59A76D0002D3C4 /* FetchUITestsLaunchTests.swift */; };
/* End PBXBuildFile section */

/* Begin PBXContainerItemProxy section */
		347C05942C59A76D0002D3C4 /* PBXContainerItemProxy */ = {
			isa = PBXContainerItemProxy;
			containerPortal = 347C05752C59A76C0002D3C4 /* Project object */;
			proxyType = 1;
			remoteGlobalIDString = 347C057C2C59A76C0002D3C4;
			remoteInfo = Fetch;
		};
		347C059E2C59A76D0002D3C4 /* PBXContainerItemProxy */ = {
			isa = PBXContainerItemProxy;
			containerPortal = 347C05752C59A76C0002D3C4 /* Project object */;
			proxyType = 1;
			remoteGlobalIDString = 347C057C2C59A76C0002D3C4;
			remoteInfo = Fetch;
		};
/* End PBXContainerItemProxy section */

/* Begin PBXFileReference section */
		347C057D2C59A76C0002D3C4 /* Fetch.app */ = {isa = PBXFileReference; explicitFileType = wrapper.application; includeInIndex = 0; path = Fetch.app; sourceTree = BUILT_PRODUCTS_DIR; };
		347C05802C59A76C0002D3C4 /* AppDelegate.swift */ = {isa = PBXFileReference; lastKnownFileType = sourcecode.swift; path = AppDelegate.swift; sourceTree = "<group>"; };
		347C05822C59A76C0002D3C4 /* SceneDelegate.swift */ = {isa = PBXFileReference; lastKnownFileType = sourcecode.swift; path = SceneDelegate.swift; sourceTree = "<group>"; };
		347C05842C59A76C0002D3C4 /* ViewController.swift */ = {isa = PBXFileReference; lastKnownFileType = sourcecode.swift; path = ViewController.swift; sourceTree = "<group>"; };
		347C05872C59A76C0002D3C4 /* Base */ = {isa = PBXFileReference; lastKnownFileType = file.storyboard; name = Base; path = Base.lproj/Main.storyboard; sourceTree = "<group>"; };
		347C05892C59A76D0002D3C4 /* Assets.xcassets */ = {isa = PBXFileReference; lastKnownFileType = folder.assetcatalog; path = Assets.xcassets; sourceTree = "<group>"; };
		347C058C2C59A76D0002D3C4 /* Base */ = {isa = PBXFileReference; lastKnownFileType = file.storyboard; name = Base; path = Base.lproj/LaunchScreen.storyboard; sourceTree = "<group>"; };
		347C058E2C59A76D0002D3C4 /* Info.plist */ = {isa = PBXFileReference; lastKnownFileType = text.plist.xml; path = Info.plist; sourceTree = "<group>"; };
		347C05932C59A76D0002D3C4 /* FetchTests.xctest */ = {isa = PBXFileReference; explicitFileType = wrapper.cfbundle; includeInIndex = 0; path = FetchTests.xctest; sourceTree = BUILT_PRODUCTS_DIR; };
		347C05972C59A76D0002D3C4 /* FetchTests.swift */ = {isa = PBXFileReference; lastKnownFileType = sourcecode.swift; path = FetchTests.swift; sourceTree = "<group>"; };
		347C059D2C59A76D0002D3C4 /* FetchUITests.xctest */ = {isa = PBXFileReference; explicitFileType = wrapper.cfbundle; includeInIndex = 0; path = FetchUITests.xctest; sourceTree = BUILT_PRODUCTS_DIR; };
		347C05A12C59A76D0002D3C4 /* FetchUITests.swift */ = {isa = PBXFileReference; lastKnownFileType = sourcecode.swift; path = FetchUITests.swift; sourceTree = "<group>"; };
		347C05A32C59A76D0002D3C4 /* FetchUITestsLaunchTests.swift */ = {isa = PBXFileReference; lastKnownFileType = sourcecode.swift; path = FetchUITestsLaunchTests.swift; sourceTree = "<group>"; };
/* End PBXFileReference section */

/* Begin PBXFrameworksBuildPhase section */
		347C057A2C59A76C0002D3C4 /* Frameworks */ = {
			isa = PBXFrameworksBuildPhase;
			buildActionMask = 2147483647;
			files = (
			);
			runOnlyForDeploymentPostprocessing = 0;
		};
		347C05902C59A76D0002D3C4 /* Frameworks */ = {
			isa = PBXFrameworksBuildPhase;
			buildActionMask = 2147483647;
			files = (
			);
			runOnlyForDeploymentPostprocessing = 0;
		};
		347C059A2C59A76D0002D3C4 /* Frameworks */ = {
			isa = PBXFrameworksBuildPhase;
			buildActionMask = 2147483647;
			files = (
			);
			runOnlyForDeploymentPostprocessing = 0;
		};
/* End PBXFrameworksBuildPhase section */

/* Begin PBXGroup section */
		347C05742C59A76C0002D3C4 = {
			isa = PBXGroup;
			children = (
				347C057F2C59A76C0002D3C4 /* Fetch */,
				347C05962C59A76D0002D3C4 /* FetchTests */,
				347C05A02C59A76D0002D3C4 /* FetchUITests */,
				347C057E2C59A76C0002D3C4 /* Products */,
			);
			sourceTree = "<group>";
		};
		347C057E2C59A76C0002D3C4 /* Products */ = {
			isa = PBXGroup;
			children = (
				347C057D2C59A76C0002D3C4 /* Fetch.app */,
				347C05932C59A76D0002D3C4 /* FetchTests.xctest */,
				347C059D2C59A76D0002D3C4 /* FetchUITests.xctest */,
			);
			name = Products;
			sourceTree = "<group>";
		};
		347C057F2C59A76C0002D3C4 /* Fetch */ = {
			isa = PBXGroup;
			children = (
				347C05802C59A76C0002D3C4 /* AppDelegate.swift */,
				347C05822C59A76C0002D3C4 /* SceneDelegate.swift */,
				347C05842C59A76C0002D3C4 /* ViewController.swift */,
				347C05862C59A76C0002D3C4 /* Main.storyboard */,
				347C05892C59A76D0002D3C4 /* Assets.xcassets */,
				347C058B2C59A76D0002D3C4 /* LaunchScreen.storyboard */,
				347C058E2C59A76D0002D3C4 /* Info.plist */,
			);
			path = Fetch;
			sourceTree = "<group>";
		};
		347C05962C59A76D0002D3C4 /* FetchTests */ = {
			isa = PBXGroup;
			children = (
				347C05972C59A76D0002D3C4 /* FetchTests.swift */,
			);
			path = FetchTests;
			sourceTree = "<group>";
		};
		347C05A02C59A76D0002D3C4 /* FetchUITests */ = {
			isa = PBXGroup;
			children = (
				347C05A12C59A76D0002D3C4 /* FetchUITests.swift */,
				347C05A32C59A76D0002D3C4 /* FetchUITestsLaunchTests.swift */,
			);
			path = FetchUITests;
			sourceTree = "<group>";
		};
/* End PBXGroup section */

/* Begin PBXNativeTarget section */
		347C057C2C59A76C0002D3C4 /* Fetch */ = {
			isa = PBXNativeTarget;
			buildConfigurationList = 347C05A72C59A76D0002D3C4 /* Build configuration list for PBXNativeTarget "Fetch" */;
			buildPhases = (
				347C05792C59A76C0002D3C4 /* Sources */,
				347C057A2C59A76C0002D3C4 /* Frameworks */,
				347C057B2C59A76C0002D3C4 /* Resources */,
			);
			buildRules = (
			);
			dependencies = (
			);
			name = Fetch;
			productName = Fetch;
			productReference = 347C057D2C59A76C0002D3C4 /* Fetch.app */;
			productType = "com.apple.product-type.application";
		};
		347C05922C59A76D0002D3C4 /* FetchTests */ = {
			isa = PBXNativeTarget;
			buildConfigurationList = 347C05AA2C59A76D0002D3C4 /* Build configuration list for PBXNativeTarget "FetchTests" */;
			buildPhases = (
				347C058F2C59A76D0002D3C4 /* Sources */,
				347C05902C59A76D0002D3C4 /* Frameworks */,
				347C05912C59A76D0002D3C4 /* Resources */,
			);
			buildRules = (
			);
			dependencies = (
				347C05952C59A76D0002D3C4 /* PBXTargetDependency */,
			);
			name = FetchTests;
			productName = FetchTests;
			productReference = 347C05932C59A76D0002D3C4 /* FetchTests.xctest */;
			productType = "com.apple.product-type.bundle.unit-test";
		};
		347C059C2C59A76D0002D3C4 /* FetchUITests */ = {
			isa = PBXNativeTarget;
			buildConfigurationList = 347C05AD2C59A76D0002D3C4 /* Build configuration list for PBXNativeTarget "FetchUITests" */;
			buildPhases = (
				347C05992C59A76D0002D3C4 /* Sources */,
				347C059A2C59A76D0002D3C4 /* Frameworks */,
				347C059B2C59A76D0002D3C4 /* Resources */,
			);
			buildRules = (
			);
			dependencies = (
				347C059F2C59A76D0002D3C4 /* PBXTargetDependency */,
			);
			name = FetchUITests;
			productName = FetchUITests;
			productReference = 347C059D2C59A76D0002D3C4 /* FetchUITests.xctest */;
			productType = "com.apple.product-type.bundle.ui-testing";
		};
/* End PBXNativeTarget section */

/* Begin PBXProject section */
		347C05752C59A76C0002D3C4 /* Project object */ = {
			isa = PBXProject;
			attributes = {
				BuildIndependentTargetsInParallel = 1;
				LastSwiftUpdateCheck = 1540;
				LastUpgradeCheck = 1540;
				TargetAttributes = {
					347C057C2C59A76C0002D3C4 = {
						CreatedOnToolsVersion = 15.4;
					};
					347C05922C59A76D0002D3C4 = {
						CreatedOnToolsVersion = 15.4;
						TestTargetID = 347C057C2C59A76C0002D3C4;
					};
					347C059C2C59A76D0002D3C4 = {
						CreatedOnToolsVersion = 15.4;
						TestTargetID = 347C057C2C59A76C0002D3C4;
					};
				};
			};
			buildConfigurationList = 347C05782C59A76C0002D3C4 /* Build configuration list for PBXProject "Fetch" */;
			compatibilityVersion = "Xcode 14.0";
			developmentRegion = en;
			hasScannedForEncodings = 0;
			knownRegions = (
				en,
				Base,
			);
			mainGroup = 347C05742C59A76C0002D3C4;
			productRefGroup = 347C057E2C59A76C0002D3C4 /* Products */;
			projectDirPath = "";
			projectRoot = "";
			targets = (
				347C057C2C59A76C0002D3C4 /* Fetch */,
				347C05922C59A76D0002D3C4 /* FetchTests */,
				347C059C2C59A76D0002D3C4 /* FetchUITests */,
			);
		};
/* End PBXProject section */

/* Begin PBXResourcesBuildPhase section */
		347C057B2C59A76C0002D3C4 /* Resources */ = {
			isa = PBXResourcesBuildPhase;
			buildActionMask = 2147483647;
			files = (
				347C058A2C59A76D0002D3C4 /* Assets.xcassets in Resources */,
				347C058D2C59A76D0002D3C4 /* Base in Resources */,
				347C05882C59A76C0002D3C4 /* Base in Resources */,
			);
			runOnlyForDeploymentPostprocessing = 0;
		};
		347C05912C59A76D0002D3C4 /* Resources */ = {
			isa = PBXResourcesBuildPhase;
			buildActionMask = 2147483647;
			files = (
			);
			runOnlyForDeploymentPostprocessing = 0;
		};
		347C059B2C59A76D0002D3C4 /* Resources */ = {
			isa = PBXResourcesBuildPhase;
			buildActionMask = 2147483647;
			files = (
			);
			runOnlyForDeploymentPostprocessing = 0;
		};
/* End PBXResourcesBuildPhase section */

/* Begin PBXSourcesBuildPhase section */
		347C05792C59A76C0002D3C4 /* Sources */ = {
			isa = PBXSourcesBuildPhase;
			buildActionMask = 2147483647;
			files = (
				347C05852C59A76C0002D3C4 /* ViewController.swift in Sources */,
				347C05812C59A76C0002D3C4 /* AppDelegate.swift in Sources */,
				347C05832C59A76C0002D3C4 /* SceneDelegate.swift in Sources */,
			);
			runOnlyForDeploymentPostprocessing = 0;
		};
		347C058F2C59A76D0002D3C4 /* Sources */ = {
			isa = PBXSourcesBuildPhase;
			buildActionMask = 2147483647;
			files = (
				347C05982C59A76D0002D3C4 /* FetchTests.swift in Sources */,
			);
			runOnlyForDeploymentPostprocessing = 0;
		};
		347C05992C59A76D0002D3C4 /* Sources */ = {
			isa = PBXSourcesBuildPhase;
			buildActionMask = 2147483647;
			files = (
				347C05A22C59A76D0002D3C4 /* FetchUITests.swift in Sources */,
				347C05A42C59A76D0002D3C4 /* FetchUITestsLaunchTests.swift in Sources */,
			);
			runOnlyForDeploymentPostprocessing = 0;
		};
/* End PBXSourcesBuildPhase section */

/* Begin PBXTargetDependency section */
		347C05952C59A76D0002D3C4 /* PBXTargetDependency */ = {
			isa = PBXTargetDependency;
			target = 347C057C2C59A76C0002D3C4 /* Fetch */;
			targetProxy = 347C05942C59A76D0002D3C4 /* PBXContainerItemProxy */;
		};
		347C059F2C59A76D0002D3C4 /* PBXTargetDependency */ = {
			isa = PBXTargetDependency;
			target = 347C057C2C59A76C0002D3C4 /* Fetch */;
			targetProxy = 347C059E2C59A76D0002D3C4 /* PBXContainerItemProxy */;
		};
/* End PBXTargetDependency section */

/* Begin PBXVariantGroup section */
		347C05862C59A76C0002D3C4 /* Main.storyboard */ = {
			isa = PBXVariantGroup;
			children = (
				347C05872C59A76C0002D3C4 /* Base */,
			);
			name = Main.storyboard;
			sourceTree = "<group>";
		};
		347C058B2C59A76D0002D3C4 /* LaunchScreen.storyboard */ = {
			isa = PBXVariantGroup;
			children = (
				347C058C2C59A76D0002D3C4 /* Base */,
			);
			name = LaunchScreen.storyboard;
			sourceTree = "<group>";
		};
/* End PBXVariantGroup section */

/* Begin XCBuildConfiguration section */
		347C05A52C59A76D0002D3C4 /* Debug */ = {
			isa = XCBuildConfiguration;
			buildSettings = {
				ALWAYS_SEARCH_USER_PATHS = NO;
				ASSETCATALOG_COMPILER_GENERATE_SWIFT_ASSET_SYMBOL_EXTENSIONS = YES;
				CLANG_ANALYZER_NONNULL = YES;
				CLANG_ANALYZER_NUMBER_OBJECT_CONVERSION = YES_AGGRESSIVE;
				CLANG_CXX_LANGUAGE_STANDARD = "gnu++20";
				CLANG_ENABLE_MODULES = YES;
				CLANG_ENABLE_OBJC_ARC = YES;
				CLANG_ENABLE_OBJC_WEAK = YES;
				CLANG_WARN_BLOCK_CAPTURE_AUTORELEASING = YES;
				CLANG_WARN_BOOL_CONVERSION = YES;
				CLANG_WARN_COMMA = YES;
				CLANG_WARN_CONSTANT_CONVERSION = YES;
				CLANG_WARN_DEPRECATED_OBJC_IMPLEMENTATIONS = YES;
				CLANG_WARN_DIRECT_OBJC_ISA_USAGE = YES_ERROR;
				CLANG_WARN_DOCUMENTATION_COMMENTS = YES;
				CLANG_WARN_EMPTY_BODY = YES;
				CLANG_WARN_ENUM_CONVERSION = YES;
				CLANG_WARN_INFINITE_RECURSION = YES;
				CLANG_WARN_INT_CONVERSION = YES;
				CLANG_WARN_NON_LITERAL_NULL_CONVERSION = YES;
				CLANG_WARN_OBJC_IMPLICIT_RETAIN_SELF = YES;
				CLANG_WARN_OBJC_LITERAL_CONVERSION = YES;
				CLANG_WARN_OBJC_ROOT_CLASS = YES_ERROR;
				CLANG_WARN_QUOTED_INCLUDE_IN_FRAMEWORK_HEADER = YES;
				CLANG_WARN_RANGE_LOOP_ANALYSIS = YES;
				CLANG_WARN_STRICT_PROTOTYPES = YES;
				CLANG_WARN_SUSPICIOUS_MOVE = YES;
				CLANG_WARN_UNGUARDED_AVAILABILITY = YES_AGGRESSIVE;
				CLANG_WARN_UNREACHABLE_CODE = YES;
				CLANG_WARN__DUPLICATE_METHOD_MATCH = YES;
				COPY_PHASE_STRIP = NO;
				DEBUG_INFORMATION_FORMAT = dwarf;
				ENABLE_STRICT_OBJC_MSGSEND = YES;
				ENABLE_TESTABILITY = YES;
				ENABLE_USER_SCRIPT_SANDBOXING = YES;
				GCC_C_LANGUAGE_STANDARD = gnu17;
				GCC_DYNAMIC_NO_PIC = NO;
				GCC_NO_COMMON_BLOCKS = YES;
				GCC_OPTIMIZATION_LEVEL = 0;
				GCC_PREPROCESSOR_DEFINITIONS = (
					"DEBUG=1",
					"$(inherited)",
				);
				GCC_WARN_64_TO_32_BIT_CONVERSION = YES;
				GCC_WARN_ABOUT_RETURN_TYPE = YES_ERROR;
				GCC_WARN_UNDECLARED_SELECTOR = YES;
				GCC_WARN_UNINITIALIZED_AUTOS = YES_AGGRESSIVE;
				GCC_WARN_UNUSED_FUNCTION = YES;
				GCC_WARN_UNUSED_VARIABLE = YES;
				IPHONEOS_DEPLOYMENT_TARGET = 17.5;
				LOCALIZATION_PREFERS_STRING_CATALOGS = YES;
				MTL_ENABLE_DEBUG_INFO = INCLUDE_SOURCE;
				MTL_FAST_MATH = YES;
				ONLY_ACTIVE_ARCH = YES;
				SDKROOT = iphoneos;
				SWIFT_ACTIVE_COMPILATION_CONDITIONS = "DEBUG $(inherited)";
				SWIFT_OPTIMIZATION_LEVEL = "-Onone";
			};
			name = Debug;
		};
		347C05A62C59A76D0002D3C4 /* Release */ = {
			isa = XCBuildConfiguration;
			buildSettings = {
				ALWAYS_SEARCH_USER_PATHS = NO;
				ASSETCATALOG_COMPILER_GENERATE_SWIFT_ASSET_SYMBOL_EXTENSIONS = YES;
				CLANG_ANALYZER_NONNULL = YES;
				CLANG_ANALYZER_NUMBER_OBJECT_CONVERSION = YES_AGGRESSIVE;
				CLANG_CXX_LANGUAGE_STANDARD = "gnu++20";
				CLANG_ENABLE_MODULES = YES;
				CLANG_ENABLE_OBJC_ARC = YES;
				CLANG_ENABLE_OBJC_WEAK = YES;
				CLANG_WARN_BLOCK_CAPTURE_AUTORELEASING = YES;
				CLANG_WARN_BOOL_CONVERSION = YES;
				CLANG_WARN_COMMA = YES;
				CLANG_WARN_CONSTANT_CONVERSION = YES;
				CLANG_WARN_DEPRECATED_OBJC_IMPLEMENTATIONS = YES;
				CLANG_WARN_DIRECT_OBJC_ISA_USAGE = YES_ERROR;
				CLANG_WARN_DOCUMENTATION_COMMENTS = YES;
				CLANG_WARN_EMPTY_BODY = YES;
				CLANG_WARN_ENUM_CONVERSION = YES;
				CLANG_WARN_INFINITE_RECURSION = YES;
				CLANG_WARN_INT_CONVERSION = YES;
				CLANG_WARN_NON_LITERAL_NULL_CONVERSION = YES;
				CLANG_WARN_OBJC_IMPLICIT_RETAIN_SELF = YES;
				CLANG_WARN_OBJC_LITERAL_CONVERSION = YES;
				CLANG_WARN_OBJC_ROOT_CLASS = YES_ERROR;
				CLANG_WARN_QUOTED_INCLUDE_IN_FRAMEWORK_HEADER = YES;
				CLANG_WARN_RANGE_LOOP_ANALYSIS = YES;
				CLANG_WARN_STRICT_PROTOTYPES = YES;
				CLANG_WARN_SUSPICIOUS_MOVE = YES;
				CLANG_WARN_UNGUARDED_AVAILABILITY = YES_AGGRESSIVE;
				CLANG_WARN_UNREACHABLE_CODE = YES;
				CLANG_WARN__DUPLICATE_METHOD_MATCH = YES;
				COPY_PHASE_STRIP = NO;
				DEBUG_INFORMATION_FORMAT = "dwarf-with-dsym";
				ENABLE_NS_ASSERTIONS = NO;
				ENABLE_STRICT_OBJC_MSGSEND = YES;
				ENABLE_USER_SCRIPT_SANDBOXING = YES;
				GCC_C_LANGUAGE_STANDARD = gnu17;
				GCC_NO_COMMON_BLOCKS = YES;
				GCC_WARN_64_TO_32_BIT_CONVERSION = YES;
				GCC_WARN_ABOUT_RETURN_TYPE = YES_ERROR;
				GCC_WARN_UNDECLARED_SELECTOR = YES;
				GCC_WARN_UNINITIALIZED_AUTOS = YES_AGGRESSIVE;
				GCC_WARN_UNUSED_FUNCTION = YES;
				GCC_WARN_UNUSED_VARIABLE = YES;
				IPHONEOS_DEPLOYMENT_TARGET = 17.5;
				LOCALIZATION_PREFERS_STRING_CATALOGS = YES;
				MTL_ENABLE_DEBUG_INFO = NO;
				MTL_FAST_MATH = YES;
				SDKROOT = iphoneos;
				SWIFT_COMPILATION_MODE = wholemodule;
				VALIDATE_PRODUCT = YES;
			};
			name = Release;
		};
		347C05A82C59A76D0002D3C4 /* Debug */ = {
			isa = XCBuildConfiguration;
			buildSettings = {
				ASSETCATALOG_COMPILER_APPICON_NAME = AppIcon;
				ASSETCATALOG_COMPILER_GLOBAL_ACCENT_COLOR_NAME = AccentColor;
				CODE_SIGN_STYLE = Automatic;
				CURRENT_PROJECT_VERSION = 1;
				DEVELOPMENT_TEAM = ZHUP53TKVA;
				GENERATE_INFOPLIST_FILE = YES;
				INFOPLIST_FILE = Fetch/Info.plist;
				INFOPLIST_KEY_UIApplicationSupportsIndirectInputEvents = YES;
				INFOPLIST_KEY_UILaunchStoryboardName = LaunchScreen;
				INFOPLIST_KEY_UIMainStoryboardFile = Main;
				INFOPLIST_KEY_UISupportedInterfaceOrientations_iPad = "UIInterfaceOrientationPortrait UIInterfaceOrientationPortraitUpsideDown UIInterfaceOrientationLandscapeLeft UIInterfaceOrientationLandscapeRight";
				INFOPLIST_KEY_UISupportedInterfaceOrientations_iPhone = "UIInterfaceOrientationPortrait UIInterfaceOrientationLandscapeLeft UIInterfaceOrientationLandscapeRight";
				LD_RUNPATH_SEARCH_PATHS = (
					"$(inherited)",
					"@executable_path/Frameworks",
				);
				MARKETING_VERSION = 1.0;
				PRODUCT_BUNDLE_IDENTIFIER = com.shanebrelesky.Fetch;
				PRODUCT_NAME = "$(TARGET_NAME)";
				SWIFT_EMIT_LOC_STRINGS = YES;
				SWIFT_VERSION = 5.0;
				TARGETED_DEVICE_FAMILY = "1,2";
			};
			name = Debug;
		};
		347C05A92C59A76D0002D3C4 /* Release */ = {
			isa = XCBuildConfiguration;
			buildSettings = {
				ASSETCATALOG_COMPILER_APPICON_NAME = AppIcon;
				ASSETCATALOG_COMPILER_GLOBAL_ACCENT_COLOR_NAME = AccentColor;
				CODE_SIGN_STYLE = Automatic;
				CURRENT_PROJECT_VERSION = 1;
				DEVELOPMENT_TEAM = ZHUP53TKVA;
				GENERATE_INFOPLIST_FILE = YES;
				INFOPLIST_FILE = Fetch/Info.plist;
				INFOPLIST_KEY_UIApplicationSupportsIndirectInputEvents = YES;
				INFOPLIST_KEY_UILaunchStoryboardName = LaunchScreen;
				INFOPLIST_KEY_UIMainStoryboardFile = Main;
				INFOPLIST_KEY_UISupportedInterfaceOrientations_iPad = "UIInterfaceOrientationPortrait UIInterfaceOrientationPortraitUpsideDown UIInterfaceOrientationLandscapeLeft UIInterfaceOrientationLandscapeRight";
				INFOPLIST_KEY_UISupportedInterfaceOrientations_iPhone = "UIInterfaceOrientationPortrait UIInterfaceOrientationLandscapeLeft UIInterfaceOrientationLandscapeRight";
				LD_RUNPATH_SEARCH_PATHS = (
					"$(inherited)",
					"@executable_path/Frameworks",
				);
				MARKETING_VERSION = 1.0;
				PRODUCT_BUNDLE_IDENTIFIER = com.shanebrelesky.Fetch;
				PRODUCT_NAME = "$(TARGET_NAME)";
				SWIFT_EMIT_LOC_STRINGS = YES;
				SWIFT_VERSION = 5.0;
				TARGETED_DEVICE_FAMILY = "1,2";
			};
			name = Release;
		};
		347C05AB2C59A76D0002D3C4 /* Debug */ = {
			isa = XCBuildConfiguration;
			buildSettings = {
				ALWAYS_EMBED_SWIFT_STANDARD_LIBRARIES = YES;
				BUNDLE_LOADER = "$(TEST_HOST)";
				CODE_SIGN_STYLE = Automatic;
				CURRENT_PROJECT_VERSION = 1;
				DEVELOPMENT_TEAM = ZHUP53TKVA;
				GENERATE_INFOPLIST_FILE = YES;
				IPHONEOS_DEPLOYMENT_TARGET = 17.5;
				MARKETING_VERSION = 1.0;
				PRODUCT_BUNDLE_IDENTIFIER = com.shanebrelesky.FetchTests;
				PRODUCT_NAME = "$(TARGET_NAME)";
				SWIFT_EMIT_LOC_STRINGS = NO;
				SWIFT_VERSION = 5.0;
				TARGETED_DEVICE_FAMILY = "1,2";
				TEST_HOST = "$(BUILT_PRODUCTS_DIR)/Fetch.app/$(BUNDLE_EXECUTABLE_FOLDER_PATH)/Fetch";
			};
			name = Debug;
		};
		347C05AC2C59A76D0002D3C4 /* Release */ = {
			isa = XCBuildConfiguration;
			buildSettings = {
				ALWAYS_EMBED_SWIFT_STANDARD_LIBRARIES = YES;
				BUNDLE_LOADER = "$(TEST_HOST)";
				CODE_SIGN_STYLE = Automatic;
				CURRENT_PROJECT_VERSION = 1;
				DEVELOPMENT_TEAM = ZHUP53TKVA;
				GENERATE_INFOPLIST_FILE = YES;
				IPHONEOS_DEPLOYMENT_TARGET = 17.5;
				MARKETING_VERSION = 1.0;
				PRODUCT_BUNDLE_IDENTIFIER = com.shanebrelesky.FetchTests;
				PRODUCT_NAME = "$(TARGET_NAME)";
				SWIFT_EMIT_LOC_STRINGS = NO;
				SWIFT_VERSION = 5.0;
				TARGETED_DEVICE_FAMILY = "1,2";
				TEST_HOST = "$(BUILT_PRODUCTS_DIR)/Fetch.app/$(BUNDLE_EXECUTABLE_FOLDER_PATH)/Fetch";
			};
			name = Release;
		};
		347C05AE2C59A76D0002D3C4 /* Debug */ = {
			isa = XCBuildConfiguration;
			buildSettings = {
				ALWAYS_EMBED_SWIFT_STANDARD_LIBRARIES = YES;
				CODE_SIGN_STYLE = Automatic;
				CURRENT_PROJECT_VERSION = 1;
				DEVELOPMENT_TEAM = ZHUP53TKVA;
				GENERATE_INFOPLIST_FILE = YES;
				MARKETING_VERSION = 1.0;
				PRODUCT_BUNDLE_IDENTIFIER = com.shanebrelesky.FetchUITests;
				PRODUCT_NAME = "$(TARGET_NAME)";
				SWIFT_EMIT_LOC_STRINGS = NO;
				SWIFT_VERSION = 5.0;
				TARGETED_DEVICE_FAMILY = "1,2";
				TEST_TARGET_NAME = Fetch;
			};
			name = Debug;
		};
		347C05AF2C59A76D0002D3C4 /* Release */ = {
			isa = XCBuildConfiguration;
			buildSettings = {
				ALWAYS_EMBED_SWIFT_STANDARD_LIBRARIES = YES;
				CODE_SIGN_STYLE = Automatic;
				CURRENT_PROJECT_VERSION = 1;
				DEVELOPMENT_TEAM = ZHUP53TKVA;
				GENERATE_INFOPLIST_FILE = YES;
				MARKETING_VERSION = 1.0;
				PRODUCT_BUNDLE_IDENTIFIER = com.shanebrelesky.FetchUITests;
				PRODUCT_NAME = "$(TARGET_NAME)";
				SWIFT_EMIT_LOC_STRINGS = NO;
				SWIFT_VERSION = 5.0;
				TARGETED_DEVICE_FAMILY = "1,2";
				TEST_TARGET_NAME = Fetch;
			};
			name = Release;
		};
/* End XCBuildConfiguration section */

/* Begin XCConfigurationList section */
		347C05782C59A76C0002D3C4 /* Build configuration list for PBXProject "Fetch" */ = {
			isa = XCConfigurationList;
			buildConfigurations = (
				347C05A52C59A76D0002D3C4 /* Debug */,
				347C05A62C59A76D0002D3C4 /* Release */,
			);
			defaultConfigurationIsVisible = 0;
			defaultConfigurationName = Release;
		};
		347C05A72C59A76D0002D3C4 /* Build configuration list for PBXNativeTarget "Fetch" */ = {
			isa = XCConfigurationList;
			buildConfigurations = (
				347C05A82C59A76D0002D3C4 /* Debug */,
				347C05A92C59A76D0002D3C4 /* Release */,
			);
			defaultConfigurationIsVisible = 0;
			defaultConfigurationName = Release;
		};
		347C05AA2C59A76D0002D3C4 /* Build configuration list for PBXNativeTarget "FetchTests" */ = {
			isa = XCConfigurationList;
			buildConfigurations = (
				347C05AB2C59A76D0002D3C4 /* Debug */,
				347C05AC2C59A76D0002D3C4 /* Release */,
			);
			defaultConfigurationIsVisible = 0;
			defaultConfigurationName = Release;
		};
		347C05AD2C59A76D0002D3C4 /* Build configuration list for PBXNativeTarget "FetchUITests" */ = {
			isa = XCConfigurationList;
			buildConfigurations = (
				347C05AE2C59A76D0002D3C4 /* Debug */,
				347C05AF2C59A76D0002D3C4 /* Release */,
			);
			defaultConfigurationIsVisible = 0;
			defaultConfigurationName = Release;
		};
/* End XCConfigurationList section */
	};
	rootObject = 347C05752C59A76C0002D3C4 /* Project object */;
}
