// !$*UTF8*$!
{
	archiveVersion = 1;
	classes = {
	};
	objectVersion = 56;
	objects = {

/* Begin PBXBuildFile section */
		347C05812C59A76C0002D3C4 /* AppDelegate.swift in Sources */ = {isa = PBXBuildFile; fileRef = 347C05802C59A76C0002D3C4 /* AppDelegate.swift */; };
		347C05832C59A76C0002D3C4 /* SceneDelegate.swift in Sources */ = {isa = PBXBuildFile; fileRef = 347C05822C59A76C0002D3C4 /* SceneDelegate.swift */; };
		347C05852C59A76C0002D3C4 /* MealListController.swift in Sources */ = {isa = PBXBuildFile; fileRef = 347C05842C59A76C0002D3C4 /* MealListController.swift */; };
		347C058A2C59A76D0002D3C4 /* Assets.xcassets in Resources */ = {isa = PBXBuildFile; fileRef = 347C05892C59A76D0002D3C4 /* Assets.xcassets */; };
		347C058D2C59A76D0002D3C4 /* Base in Resources */ = {isa = PBXBuildFile; fileRef = 347C058C2C59A76D0002D3C4 /* Base */; };
		347C05B12C59A8550002D3C4 /* NetworkManager.swift in Sources */ = {isa = PBXBuildFile; fileRef = 347C05B02C59A8550002D3C4 /* NetworkManager.swift */; };
		347C05B32C59BBF50002D3C4 /* MealDetailController.swift in Sources */ = {isa = PBXBuildFile; fileRef = 347C05B22C59BBF50002D3C4 /* MealDetailController.swift */; };
		347C05B72C59CD1A0002D3C4 /* Meal.swift in Sources */ = {isa = PBXBuildFile; fileRef = 347C05B62C59CD1A0002D3C4 /* Meal.swift */; };
		347C05B92C59CD350002D3C4 /* MealDetails.swift in Sources */ = {isa = PBXBuildFile; fileRef = 347C05B82C59CD350002D3C4 /* MealDetails.swift */; };
		347C05BB2C59CD4D0002D3C4 /* Ingredient.swift in Sources */ = {isa = PBXBuildFile; fileRef = 347C05BA2C59CD4D0002D3C4 /* Ingredient.swift */; };
		347C05BE2C59DF8F0002D3C4 /* IngredientKeys.swift in Sources */ = {isa = PBXBuildFile; fileRef = 347C05BD2C59DF8F0002D3C4 /* IngredientKeys.swift */; };
		347C05C02C59DFAF0002D3C4 /* MeasurementKeys.swift in Sources */ = {isa = PBXBuildFile; fileRef = 347C05BF2C59DFAF0002D3C4 /* MeasurementKeys.swift */; };
		347C05C22C59DFD60002D3C4 /* MealDetailCodingKeys.swift in Sources */ = {isa = PBXBuildFile; fileRef = 347C05C12C59DFD60002D3C4 /* MealDetailCodingKeys.swift */; };
		347C06042C5ACEA20002D3C4 /* ImageView.swift in Sources */ = {isa = PBXBuildFile; fileRef = 347C06032C5ACEA20002D3C4 /* ImageView.swift */; };
		347C06072C5ACF250002D3C4 /* MealCell.swift in Sources */ = {isa = PBXBuildFile; fileRef = 347C06062C5ACF250002D3C4 /* MealCell.swift */; };
		347C060B2C5ACF720002D3C4 /* IngredientCell.swift in Sources */ = {isa = PBXBuildFile; fileRef = 347C060A2C5ACF720002D3C4 /* IngredientCell.swift */; };
		347C060F2C5AD00A0002D3C4 /* MealHeaderCell.swift in Sources */ = {isa = PBXBuildFile; fileRef = 347C060E2C5AD00A0002D3C4 /* MealHeaderCell.swift */; };
		347C06112C5C0BAC0002D3C4 /* TableView.swift in Sources */ = {isa = PBXBuildFile; fileRef = 347C06102C5C0BAC0002D3C4 /* TableView.swift */; };
		347C06132C5C1AE10002D3C4 /* Theme.swift in Sources */ = {isa = PBXBuildFile; fileRef = 347C06122C5C1AE10002D3C4 /* Theme.swift */; };
		347C06152C5C23190002D3C4 /* Constants.swift in Sources */ = {isa = PBXBuildFile; fileRef = 347C06142C5C23190002D3C4 /* Constants.swift */; };
		347C06192C5D4C270002D3C4 /* UIViewController.swift in Sources */ = {isa = PBXBuildFile; fileRef = 347C06182C5D4C270002D3C4 /* UIViewController.swift */; };
		347C061C2C5D4CC80002D3C4 /* ImageCache.swift in Sources */ = {isa = PBXBuildFile; fileRef = 347C061B2C5D4CC80002D3C4 /* ImageCache.swift */; };
		347C061E2C5D6E340002D3C4 /* DetailsSectionHeader.swift in Sources */ = {isa = PBXBuildFile; fileRef = 347C061D2C5D6E340002D3C4 /* DetailsSectionHeader.swift */; };
		347C06352C5EE5B90002D3C4 /* Repsonse.swift in Sources */ = {isa = PBXBuildFile; fileRef = 347C06342C5EE5B90002D3C4 /* Repsonse.swift */; };
		347C06372C5EE5F20002D3C4 /* NetworkError.swift in Sources */ = {isa = PBXBuildFile; fileRef = 347C06362C5EE5F20002D3C4 /* NetworkError.swift */; };
/* End PBXBuildFile section */

/* Begin PBXContainerItemProxy section */
		347C05942C59A76D0002D3C4 /* PBXContainerItemProxy */ = {
			isa = PBXContainerItemProxy;
			containerPortal = 347C05752C59A76C0002D3C4 /* Project object */;
			proxyType = 1;
			remoteGlobalIDString = 347C057C2C59A76C0002D3C4;
			remoteInfo = Fetch;
		};
		347C059E2C59A76D0002D3C4 /* PBXContainerItemProxy */ = {
			isa = PBXContainerItemProxy;
			containerPortal = 347C05752C59A76C0002D3C4 /* Project object */;
			proxyType = 1;
			remoteGlobalIDString = 347C057C2C59A76C0002D3C4;
			remoteInfo = Fetch;
		};
/* End PBXContainerItemProxy section */

/* Begin PBXFileReference section */
		347C057D2C59A76C0002D3C4 /* Fetch.app */ = {isa = PBXFileReference; explicitFileType = wrapper.application; includeInIndex = 0; path = Fetch.app; sourceTree = BUILT_PRODUCTS_DIR; };
		347C05802C59A76C0002D3C4 /* AppDelegate.swift */ = {isa = PBXFileReference; lastKnownFileType = sourcecode.swift; path = AppDelegate.swift; sourceTree = "<group>"; };
		347C05822C59A76C0002D3C4 /* SceneDelegate.swift */ = {isa = PBXFileReference; lastKnownFileType = sourcecode.swift; path = SceneDelegate.swift; sourceTree = "<group>"; };
		347C05842C59A76C0002D3C4 /* MealListController.swift */ = {isa = PBXFileReference; lastKnownFileType = sourcecode.swift; path = MealListController.swift; sourceTree = "<group>"; };
		347C05892C59A76D0002D3C4 /* Assets.xcassets */ = {isa = PBXFileReference; lastKnownFileType = folder.assetcatalog; path = Assets.xcassets; sourceTree = "<group>"; };
		347C058C2C59A76D0002D3C4 /* Base */ = {isa = PBXFileReference; lastKnownFileType = file.storyboard; name = Base; path = Base.lproj/LaunchScreen.storyboard; sourceTree = "<group>"; };
		347C058E2C59A76D0002D3C4 /* Info.plist */ = {isa = PBXFileReference; lastKnownFileType = text.plist.xml; path = Info.plist; sourceTree = "<group>"; };
		347C05932C59A76D0002D3C4 /* FetchTests.xctest */ = {isa = PBXFileReference; explicitFileType = wrapper.cfbundle; includeInIndex = 0; path = FetchTests.xctest; sourceTree = BUILT_PRODUCTS_DIR; };
		347C059D2C59A76D0002D3C4 /* FetchUITests.xctest */ = {isa = PBXFileReference; explicitFileType = wrapper.cfbundle; includeInIndex = 0; path = FetchUITests.xctest; sourceTree = BUILT_PRODUCTS_DIR; };
		347C05B02C59A8550002D3C4 /* NetworkManager.swift */ = {isa = PBXFileReference; lastKnownFileType = sourcecode.swift; path = NetworkManager.swift; sourceTree = "<group>"; };
		347C05B22C59BBF50002D3C4 /* MealDetailController.swift */ = {isa = PBXFileReference; lastKnownFileType = sourcecode.swift; path = MealDetailController.swift; sourceTree = "<group>"; };
		347C05B62C59CD1A0002D3C4 /* Meal.swift */ = {isa = PBXFileReference; lastKnownFileType = sourcecode.swift; path = Meal.swift; sourceTree = "<group>"; };
		347C05B82C59CD350002D3C4 /* MealDetails.swift */ = {isa = PBXFileReference; lastKnownFileType = sourcecode.swift; path = MealDetails.swift; sourceTree = "<group>"; };
		347C05BA2C59CD4D0002D3C4 /* Ingredient.swift */ = {isa = PBXFileReference; lastKnownFileType = sourcecode.swift; path = Ingredient.swift; sourceTree = "<group>"; };
		347C05BD2C59DF8F0002D3C4 /* IngredientKeys.swift */ = {isa = PBXFileReference; lastKnownFileType = sourcecode.swift; path = IngredientKeys.swift; sourceTree = "<group>"; };
		347C05BF2C59DFAF0002D3C4 /* MeasurementKeys.swift */ = {isa = PBXFileReference; lastKnownFileType = sourcecode.swift; path = MeasurementKeys.swift; sourceTree = "<group>"; };
		347C05C12C59DFD60002D3C4 /* MealDetailCodingKeys.swift */ = {isa = PBXFileReference; lastKnownFileType = sourcecode.swift; path = MealDetailCodingKeys.swift; sourceTree = "<group>"; };
		347C06032C5ACEA20002D3C4 /* ImageView.swift */ = {isa = PBXFileReference; lastKnownFileType = sourcecode.swift; path = ImageView.swift; sourceTree = "<group>"; };
		347C06062C5ACF250002D3C4 /* MealCell.swift */ = {isa = PBXFileReference; lastKnownFileType = sourcecode.swift; path = MealCell.swift; sourceTree = "<group>"; };
		347C060A2C5ACF720002D3C4 /* IngredientCell.swift */ = {isa = PBXFileReference; lastKnownFileType = sourcecode.swift; path = IngredientCell.swift; sourceTree = "<group>"; };
		347C060E2C5AD00A0002D3C4 /* MealHeaderCell.swift */ = {isa = PBXFileReference; lastKnownFileType = sourcecode.swift; path = MealHeaderCell.swift; sourceTree = "<group>"; };
		347C06102C5C0BAC0002D3C4 /* TableView.swift */ = {isa = PBXFileReference; lastKnownFileType = sourcecode.swift; path = TableView.swift; sourceTree = "<group>"; };
		347C06122C5C1AE10002D3C4 /* Theme.swift */ = {isa = PBXFileReference; lastKnownFileType = sourcecode.swift; path = Theme.swift; sourceTree = "<group>"; };
		347C06142C5C23190002D3C4 /* Constants.swift */ = {isa = PBXFileReference; lastKnownFileType = sourcecode.swift; path = Constants.swift; sourceTree = "<group>"; };
		347C06182C5D4C270002D3C4 /* UIViewController.swift */ = {isa = PBXFileReference; lastKnownFileType = sourcecode.swift; path = UIViewController.swift; sourceTree = "<group>"; };
		347C061B2C5D4CC80002D3C4 /* ImageCache.swift */ = {isa = PBXFileReference; lastKnownFileType = sourcecode.swift; path = ImageCache.swift; sourceTree = "<group>"; };
		347C061D2C5D6E340002D3C4 /* DetailsSectionHeader.swift */ = {isa = PBXFileReference; lastKnownFileType = sourcecode.swift; path = DetailsSectionHeader.swift; sourceTree = "<group>"; };
		347C06342C5EE5B90002D3C4 /* Repsonse.swift */ = {isa = PBXFileReference; lastKnownFileType = sourcecode.swift; path = Repsonse.swift; sourceTree = "<group>"; };
		347C06362C5EE5F20002D3C4 /* NetworkError.swift */ = {isa = PBXFileReference; lastKnownFileType = sourcecode.swift; path = NetworkError.swift; sourceTree = "<group>"; };
/* End PBXFileReference section */

/* Begin PBXFrameworksBuildPhase section */
		347C057A2C59A76C0002D3C4 /* Frameworks */ = {
			isa = PBXFrameworksBuildPhase;
			buildActionMask = 2147483647;
			files = (
			);
			runOnlyForDeploymentPostprocessing = 0;
		};
		347C05902C59A76D0002D3C4 /* Frameworks */ = {
			isa = PBXFrameworksBuildPhase;
			buildActionMask = 2147483647;
			files = (
			);
			runOnlyForDeploymentPostprocessing = 0;
		};
		347C059A2C59A76D0002D3C4 /* Frameworks */ = {
			isa = PBXFrameworksBuildPhase;
			buildActionMask = 2147483647;
			files = (
			);
			runOnlyForDeploymentPostprocessing = 0;
		};
/* End PBXFrameworksBuildPhase section */

/* Begin PBXGroup section */
		347C05742C59A76C0002D3C4 = {
			isa = PBXGroup;
			children = (
				347C057F2C59A76C0002D3C4 /* Fetch */,
				347C057E2C59A76C0002D3C4 /* Products */,
			);
			sourceTree = "<group>";
		};
		347C057E2C59A76C0002D3C4 /* Products */ = {
			isa = PBXGroup;
			children = (
				347C057D2C59A76C0002D3C4 /* Fetch.app */,
				347C05932C59A76D0002D3C4 /* FetchTests.xctest */,
				347C059D2C59A76D0002D3C4 /* FetchUITests.xctest */,
			);
			name = Products;
			sourceTree = "<group>";
		};
		347C057F2C59A76C0002D3C4 /* Fetch */ = {
			isa = PBXGroup;
			children = (
				347C06162C5D36D20002D3C4 /* Resources */,
				347C061A2C5D4CBD0002D3C4 /* Utilities */,
				347C06022C5ACE980002D3C4 /* Extensions */,
				347C05B52C59CCFF0002D3C4 /* Model */,
				347C06052C5ACF170002D3C4 /* View */,
				347C05B42C59CCF30002D3C4 /* Controller */,
				347C05802C59A76C0002D3C4 /* AppDelegate.swift */,
				347C05822C59A76C0002D3C4 /* SceneDelegate.swift */,
				347C058B2C59A76D0002D3C4 /* LaunchScreen.storyboard */,
				347C058E2C59A76D0002D3C4 /* Info.plist */,
			);
			path = Fetch;
			sourceTree = "<group>";
		};
		347C05B42C59CCF30002D3C4 /* Controller */ = {
			isa = PBXGroup;
			children = (
				347C05842C59A76C0002D3C4 /* MealListController.swift */,
				347C05B22C59BBF50002D3C4 /* MealDetailController.swift */,
			);
			path = Controller;
			sourceTree = "<group>";
		};
		347C05B52C59CCFF0002D3C4 /* Model */ = {
			isa = PBXGroup;
			children = (
				347C05BC2C59DF830002D3C4 /* Coding Keys */,
				347C05B62C59CD1A0002D3C4 /* Meal.swift */,
				347C05B82C59CD350002D3C4 /* MealDetails.swift */,
				347C05BA2C59CD4D0002D3C4 /* Ingredient.swift */,
				347C06342C5EE5B90002D3C4 /* Repsonse.swift */,
				347C06362C5EE5F20002D3C4 /* NetworkError.swift */,
			);
			path = Model;
			sourceTree = "<group>";
		};
		347C05BC2C59DF830002D3C4 /* Coding Keys */ = {
			isa = PBXGroup;
			children = (
				347C05BD2C59DF8F0002D3C4 /* IngredientKeys.swift */,
				347C05BF2C59DFAF0002D3C4 /* MeasurementKeys.swift */,
				347C05C12C59DFD60002D3C4 /* MealDetailCodingKeys.swift */,
			);
			path = "Coding Keys";
			sourceTree = "<group>";
		};
		347C06022C5ACE980002D3C4 /* Extensions */ = {
			isa = PBXGroup;
			children = (
				347C06032C5ACEA20002D3C4 /* ImageView.swift */,
				347C06102C5C0BAC0002D3C4 /* TableView.swift */,
				347C06182C5D4C270002D3C4 /* UIViewController.swift */,
			);
			path = Extensions;
			sourceTree = "<group>";
		};
		347C06052C5ACF170002D3C4 /* View */ = {
			isa = PBXGroup;
			children = (
				347C06172C5D372F0002D3C4 /* Cells */,
				347C061D2C5D6E340002D3C4 /* DetailsSectionHeader.swift */,
			);
			path = View;
			sourceTree = "<group>";
		};
		347C06162C5D36D20002D3C4 /* Resources */ = {
			isa = PBXGroup;
			children = (
				347C05892C59A76D0002D3C4 /* Assets.xcassets */,
				347C06142C5C23190002D3C4 /* Constants.swift */,
				347C06122C5C1AE10002D3C4 /* Theme.swift */,
			);
			path = Resources;
			sourceTree = "<group>";
		};
		347C06172C5D372F0002D3C4 /* Cells */ = {
			isa = PBXGroup;
			children = (
				347C06062C5ACF250002D3C4 /* MealCell.swift */,
				347C060A2C5ACF720002D3C4 /* IngredientCell.swift */,
				347C060E2C5AD00A0002D3C4 /* MealHeaderCell.swift */,
			);
			path = Cells;
			sourceTree = "<group>";
		};
		347C061A2C5D4CBD0002D3C4 /* Utilities */ = {
			isa = PBXGroup;
			children = (
				347C05B02C59A8550002D3C4 /* NetworkManager.swift */,
				347C061B2C5D4CC80002D3C4 /* ImageCache.swift */,
			);
			path = Utilities;
			sourceTree = "<group>";
		};
/* End PBXGroup section */

/* Begin PBXNativeTarget section */
		347C057C2C59A76C0002D3C4 /* Fetch */ = {
			isa = PBXNativeTarget;
			buildConfigurationList = 347C05A72C59A76D0002D3C4 /* Build configuration list for PBXNativeTarget "Fetch" */;
			buildPhases = (
				347C05792C59A76C0002D3C4 /* Sources */,
				347C057A2C59A76C0002D3C4 /* Frameworks */,
				347C057B2C59A76C0002D3C4 /* Resources */,
			);
			buildRules = (
			);
			dependencies = (
			);
			name = Fetch;
			productName = Fetch;
			productReference = 347C057D2C59A76C0002D3C4 /* Fetch.app */;
			productType = "com.apple.product-type.application";
		};
		347C05922C59A76D0002D3C4 /* FetchTests */ = {
			isa = PBXNativeTarget;
			buildConfigurationList = 347C05AA2C59A76D0002D3C4 /* Build configuration list for PBXNativeTarget "FetchTests" */;
			buildPhases = (
				347C058F2C59A76D0002D3C4 /* Sources */,
				347C05902C59A76D0002D3C4 /* Frameworks */,
				347C05912C59A76D0002D3C4 /* Resources */,
			);
			buildRules = (
			);
			dependencies = (
				347C05952C59A76D0002D3C4 /* PBXTargetDependency */,
			);
			name = FetchTests;
			productName = FetchTests;
			productReference = 347C05932C59A76D0002D3C4 /* FetchTests.xctest */;
			productType = "com.apple.product-type.bundle.unit-test";
		};
		347C059C2C59A76D0002D3C4 /* FetchUITests */ = {
			isa = PBXNativeTarget;
			buildConfigurationList = 347C05AD2C59A76D0002D3C4 /* Build configuration list for PBXNativeTarget "FetchUITests" */;
			buildPhases = (
				347C05992C59A76D0002D3C4 /* Sources */,
				347C059A2C59A76D0002D3C4 /* Frameworks */,
				347C059B2C59A76D0002D3C4 /* Resources */,
			);
			buildRules = (
			);
			dependencies = (
				347C059F2C59A76D0002D3C4 /* PBXTargetDependency */,
			);
			name = FetchUITests;
			productName = FetchUITests;
			productReference = 347C059D2C59A76D0002D3C4 /* FetchUITests.xctest */;
			productType = "com.apple.product-type.bundle.ui-testing";
		};
/* End PBXNativeTarget section */

/* Begin PBXProject section */
		347C05752C59A76C0002D3C4 /* Project object */ = {
			isa = PBXProject;
			attributes = {
				BuildIndependentTargetsInParallel = 1;
				LastSwiftUpdateCheck = 1540;
				LastUpgradeCheck = 1540;
				TargetAttributes = {
					347C057C2C59A76C0002D3C4 = {
						CreatedOnToolsVersion = 15.4;
					};
					347C05922C59A76D0002D3C4 = {
						CreatedOnToolsVersion = 15.4;
						TestTargetID = 347C057C2C59A76C0002D3C4;
					};
					347C059C2C59A76D0002D3C4 = {
						CreatedOnToolsVersion = 15.4;
						TestTargetID = 347C057C2C59A76C0002D3C4;
					};
				};
			};
			buildConfigurationList = 347C05782C59A76C0002D3C4 /* Build configuration list for PBXProject "Fetch" */;
			compatibilityVersion = "Xcode 14.0";
			developmentRegion = en;
			hasScannedForEncodings = 0;
			knownRegions = (
				en,
				Base,
			);
			mainGroup = 347C05742C59A76C0002D3C4;
			productRefGroup = 347C057E2C59A76C0002D3C4 /* Products */;
			projectDirPath = "";
			projectRoot = "";
			targets = (
				347C057C2C59A76C0002D3C4 /* Fetch */,
				347C05922C59A76D0002D3C4 /* FetchTests */,
				347C059C2C59A76D0002D3C4 /* FetchUITests */,
			);
		};
/* End PBXProject section */

/* Begin PBXResourcesBuildPhase section */
		347C057B2C59A76C0002D3C4 /* Resources */ = {
			isa = PBXResourcesBuildPhase;
			buildActionMask = 2147483647;
			files = (
				347C058A2C59A76D0002D3C4 /* Assets.xcassets in Resources */,
				347C058D2C59A76D0002D3C4 /* Base in Resources */,
			);
			runOnlyForDeploymentPostprocessing = 0;
		};
		347C05912C59A76D0002D3C4 /* Resources */ = {
			isa = PBXResourcesBuildPhase;
			buildActionMask = 2147483647;
			files = (
			);
			runOnlyForDeploymentPostprocessing = 0;
		};
		347C059B2C59A76D0002D3C4 /* Resources */ = {
			isa = PBXResourcesBuildPhase;
			buildActionMask = 2147483647;
			files = (
			);
			runOnlyForDeploymentPostprocessing = 0;
		};
/* End PBXResourcesBuildPhase section */

/* Begin PBXSourcesBuildPhase section */
		347C05792C59A76C0002D3C4 /* Sources */ = {
			isa = PBXSourcesBuildPhase;
			buildActionMask = 2147483647;
			files = (
				347C06042C5ACEA20002D3C4 /* ImageView.swift in Sources */,
				347C05C02C59DFAF0002D3C4 /* MeasurementKeys.swift in Sources */,
				347C06372C5EE5F20002D3C4 /* NetworkError.swift in Sources */,
				347C05B12C59A8550002D3C4 /* NetworkManager.swift in Sources */,
				347C05852C59A76C0002D3C4 /* MealListController.swift in Sources */,
				347C06072C5ACF250002D3C4 /* MealCell.swift in Sources */,
				347C061E2C5D6E340002D3C4 /* DetailsSectionHeader.swift in Sources */,
				347C05812C59A76C0002D3C4 /* AppDelegate.swift in Sources */,
				347C05C22C59DFD60002D3C4 /* MealDetailCodingKeys.swift in Sources */,
				347C05832C59A76C0002D3C4 /* SceneDelegate.swift in Sources */,
				347C05BB2C59CD4D0002D3C4 /* Ingredient.swift in Sources */,
				347C05B72C59CD1A0002D3C4 /* Meal.swift in Sources */,
				347C060B2C5ACF720002D3C4 /* IngredientCell.swift in Sources */,
				347C061C2C5D4CC80002D3C4 /* ImageCache.swift in Sources */,
				347C06132C5C1AE10002D3C4 /* Theme.swift in Sources */,
				347C06112C5C0BAC0002D3C4 /* TableView.swift in Sources */,
				347C06192C5D4C270002D3C4 /* UIViewController.swift in Sources */,
				347C06152C5C23190002D3C4 /* Constants.swift in Sources */,
				347C05BE2C59DF8F0002D3C4 /* IngredientKeys.swift in Sources */,
				347C06352C5EE5B90002D3C4 /* Repsonse.swift in Sources */,
				347C060F2C5AD00A0002D3C4 /* MealHeaderCell.swift in Sources */,
				347C05B92C59CD350002D3C4 /* MealDetails.swift in Sources */,
				347C05B32C59BBF50002D3C4 /* MealDetailController.swift in Sources */,
			);
			runOnlyForDeploymentPostprocessing = 0;
		};
		347C058F2C59A76D0002D3C4 /* Sources */ = {
			isa = PBXSourcesBuildPhase;
			buildActionMask = 2147483647;
			files = (
			);
			runOnlyForDeploymentPostprocessing = 0;
		};
		347C05992C59A76D0002D3C4 /* Sources */ = {
			isa = PBXSourcesBuildPhase;
			buildActionMask = 2147483647;
			files = (
			);
			runOnlyForDeploymentPostprocessing = 0;
		};
/* End PBXSourcesBuildPhase section */

/* Begin PBXTargetDependency section */
		347C05952C59A76D0002D3C4 /* PBXTargetDependency */ = {
			isa = PBXTargetDependency;
			target = 347C057C2C59A76C0002D3C4 /* Fetch */;
			targetProxy = 347C05942C59A76D0002D3C4 /* PBXContainerItemProxy */;
		};
		347C059F2C59A76D0002D3C4 /* PBXTargetDependency */ = {
			isa = PBXTargetDependency;
			target = 347C057C2C59A76C0002D3C4 /* Fetch */;
			targetProxy = 347C059E2C59A76D0002D3C4 /* PBXContainerItemProxy */;
		};
/* End PBXTargetDependency section */

/* Begin PBXVariantGroup section */
		347C058B2C59A76D0002D3C4 /* LaunchScreen.storyboard */ = {
			isa = PBXVariantGroup;
			children = (
				347C058C2C59A76D0002D3C4 /* Base */,
			);
			name = LaunchScreen.storyboard;
			sourceTree = "<group>";
		};
/* End PBXVariantGroup section */

/* Begin XCBuildConfiguration section */
		347C05A52C59A76D0002D3C4 /* Debug */ = {
			isa = XCBuildConfiguration;
			buildSettings = {
				ALWAYS_SEARCH_USER_PATHS = NO;
				ASSETCATALOG_COMPILER_GENERATE_SWIFT_ASSET_SYMBOL_EXTENSIONS = YES;
				CLANG_ANALYZER_NONNULL = YES;
				CLANG_ANALYZER_NUMBER_OBJECT_CONVERSION = YES_AGGRESSIVE;
				CLANG_CXX_LANGUAGE_STANDARD = "gnu++20";
				CLANG_ENABLE_MODULES = YES;
				CLANG_ENABLE_OBJC_ARC = YES;
				CLANG_ENABLE_OBJC_WEAK = YES;
				CLANG_WARN_BLOCK_CAPTURE_AUTORELEASING = YES;
				CLANG_WARN_BOOL_CONVERSION = YES;
				CLANG_WARN_COMMA = YES;
				CLANG_WARN_CONSTANT_CONVERSION = YES;
				CLANG_WARN_DEPRECATED_OBJC_IMPLEMENTATIONS = YES;
				CLANG_WARN_DIRECT_OBJC_ISA_USAGE = YES_ERROR;
				CLANG_WARN_DOCUMENTATION_COMMENTS = YES;
				CLANG_WARN_EMPTY_BODY = YES;
				CLANG_WARN_ENUM_CONVERSION = YES;
				CLANG_WARN_INFINITE_RECURSION = YES;
				CLANG_WARN_INT_CONVERSION = YES;
				CLANG_WARN_NON_LITERAL_NULL_CONVERSION = YES;
				CLANG_WARN_OBJC_IMPLICIT_RETAIN_SELF = YES;
				CLANG_WARN_OBJC_LITERAL_CONVERSION = YES;
				CLANG_WARN_OBJC_ROOT_CLASS = YES_ERROR;
				CLANG_WARN_QUOTED_INCLUDE_IN_FRAMEWORK_HEADER = YES;
				CLANG_WARN_RANGE_LOOP_ANALYSIS = YES;
				CLANG_WARN_STRICT_PROTOTYPES = YES;
				CLANG_WARN_SUSPICIOUS_MOVE = YES;
				CLANG_WARN_UNGUARDED_AVAILABILITY = YES_AGGRESSIVE;
				CLANG_WARN_UNREACHABLE_CODE = YES;
				CLANG_WARN__DUPLICATE_METHOD_MATCH = YES;
				COPY_PHASE_STRIP = NO;
				DEBUG_INFORMATION_FORMAT = dwarf;
				ENABLE_STRICT_OBJC_MSGSEND = YES;
				ENABLE_TESTABILITY = YES;
				ENABLE_USER_SCRIPT_SANDBOXING = YES;
				GCC_C_LANGUAGE_STANDARD = gnu17;
				GCC_DYNAMIC_NO_PIC = NO;
				GCC_NO_COMMON_BLOCKS = YES;
				GCC_OPTIMIZATION_LEVEL = 0;
				GCC_PREPROCESSOR_DEFINITIONS = (
					"DEBUG=1",
					"$(inherited)",
				);
				GCC_WARN_64_TO_32_BIT_CONVERSION = YES;
				GCC_WARN_ABOUT_RETURN_TYPE = YES_ERROR;
				GCC_WARN_UNDECLARED_SELECTOR = YES;
				GCC_WARN_UNINITIALIZED_AUTOS = YES_AGGRESSIVE;
				GCC_WARN_UNUSED_FUNCTION = YES;
				GCC_WARN_UNUSED_VARIABLE = YES;
				IPHONEOS_DEPLOYMENT_TARGET = 16.0;
				LOCALIZATION_PREFERS_STRING_CATALOGS = YES;
				MTL_ENABLE_DEBUG_INFO = INCLUDE_SOURCE;
				MTL_FAST_MATH = YES;
				ONLY_ACTIVE_ARCH = YES;
				SDKROOT = iphoneos;
				SWIFT_ACTIVE_COMPILATION_CONDITIONS = "DEBUG $(inherited)";
				SWIFT_OPTIMIZATION_LEVEL = "-Onone";
			};
			name = Debug;
		};
		347C05A62C59A76D0002D3C4 /* Release */ = {
			isa = XCBuildConfiguration;
			buildSettings = {
				ALWAYS_SEARCH_USER_PATHS = NO;
				ASSETCATALOG_COMPILER_GENERATE_SWIFT_ASSET_SYMBOL_EXTENSIONS = YES;
				CLANG_ANALYZER_NONNULL = YES;
				CLANG_ANALYZER_NUMBER_OBJECT_CONVERSION = YES_AGGRESSIVE;
				CLANG_CXX_LANGUAGE_STANDARD = "gnu++20";
				CLANG_ENABLE_MODULES = YES;
				CLANG_ENABLE_OBJC_ARC = YES;
				CLANG_ENABLE_OBJC_WEAK = YES;
				CLANG_WARN_BLOCK_CAPTURE_AUTORELEASING = YES;
				CLANG_WARN_BOOL_CONVERSION = YES;
				CLANG_WARN_COMMA = YES;
				CLANG_WARN_CONSTANT_CONVERSION = YES;
				CLANG_WARN_DEPRECATED_OBJC_IMPLEMENTATIONS = YES;
				CLANG_WARN_DIRECT_OBJC_ISA_USAGE = YES_ERROR;
				CLANG_WARN_DOCUMENTATION_COMMENTS = YES;
				CLANG_WARN_EMPTY_BODY = YES;
				CLANG_WARN_ENUM_CONVERSION = YES;
				CLANG_WARN_INFINITE_RECURSION = YES;
				CLANG_WARN_INT_CONVERSION = YES;
				CLANG_WARN_NON_LITERAL_NULL_CONVERSION = YES;
				CLANG_WARN_OBJC_IMPLICIT_RETAIN_SELF = YES;
				CLANG_WARN_OBJC_LITERAL_CONVERSION = YES;
				CLANG_WARN_OBJC_ROOT_CLASS = YES_ERROR;
				CLANG_WARN_QUOTED_INCLUDE_IN_FRAMEWORK_HEADER = YES;
				CLANG_WARN_RANGE_LOOP_ANALYSIS = YES;
				CLANG_WARN_STRICT_PROTOTYPES = YES;
				CLANG_WARN_SUSPICIOUS_MOVE = YES;
				CLANG_WARN_UNGUARDED_AVAILABILITY = YES_AGGRESSIVE;
				CLANG_WARN_UNREACHABLE_CODE = YES;
				CLANG_WARN__DUPLICATE_METHOD_MATCH = YES;
				COPY_PHASE_STRIP = NO;
				DEBUG_INFORMATION_FORMAT = "dwarf-with-dsym";
				ENABLE_NS_ASSERTIONS = NO;
				ENABLE_STRICT_OBJC_MSGSEND = YES;
				ENABLE_USER_SCRIPT_SANDBOXING = YES;
				GCC_C_LANGUAGE_STANDARD = gnu17;
				GCC_NO_COMMON_BLOCKS = YES;
				GCC_WARN_64_TO_32_BIT_CONVERSION = YES;
				GCC_WARN_ABOUT_RETURN_TYPE = YES_ERROR;
				GCC_WARN_UNDECLARED_SELECTOR = YES;
				GCC_WARN_UNINITIALIZED_AUTOS = YES_AGGRESSIVE;
				GCC_WARN_UNUSED_FUNCTION = YES;
				GCC_WARN_UNUSED_VARIABLE = YES;
				IPHONEOS_DEPLOYMENT_TARGET = 16.0;
				LOCALIZATION_PREFERS_STRING_CATALOGS = YES;
				MTL_ENABLE_DEBUG_INFO = NO;
				MTL_FAST_MATH = YES;
				SDKROOT = iphoneos;
				SWIFT_COMPILATION_MODE = wholemodule;
				VALIDATE_PRODUCT = YES;
			};
			name = Release;
		};
		347C05A82C59A76D0002D3C4 /* Debug */ = {
			isa = XCBuildConfiguration;
			buildSettings = {
				ASSETCATALOG_COMPILER_APPICON_NAME = AppIcon;
				ASSETCATALOG_COMPILER_GLOBAL_ACCENT_COLOR_NAME = AccentColor;
				CODE_SIGN_STYLE = Automatic;
				CURRENT_PROJECT_VERSION = 1;
				DEVELOPMENT_TEAM = ZHUP53TKVA;
				GENERATE_INFOPLIST_FILE = YES;
				INFOPLIST_FILE = Fetch/Info.plist;
				INFOPLIST_KEY_UIApplicationSupportsIndirectInputEvents = YES;
				INFOPLIST_KEY_UILaunchStoryboardName = LaunchScreen;
				INFOPLIST_KEY_UIMainStoryboardFile = "";
				INFOPLIST_KEY_UISupportedInterfaceOrientations = "UIInterfaceOrientationLandscapeLeft UIInterfaceOrientationLandscapeRight UIInterfaceOrientationPortrait UIInterfaceOrientationPortraitUpsideDown";
				INFOPLIST_KEY_UISupportedInterfaceOrientations_iPad = "UIInterfaceOrientationLandscapeLeft UIInterfaceOrientationLandscapeRight UIInterfaceOrientationPortrait";
				INFOPLIST_KEY_UIUserInterfaceStyle = Light;
				IPHONEOS_DEPLOYMENT_TARGET = 16.0;
				LD_RUNPATH_SEARCH_PATHS = (
					"$(inherited)",
					"@executable_path/Frameworks",
				);
				MARKETING_VERSION = 1.0;
				PRODUCT_BUNDLE_IDENTIFIER = com.shanebrelesky.Fetch;
				PRODUCT_NAME = "$(TARGET_NAME)";
				SWIFT_EMIT_LOC_STRINGS = YES;
				SWIFT_VERSION = 5.0;
				TARGETED_DEVICE_FAMILY = "1,2";
			};
			name = Debug;
		};
		347C05A92C59A76D0002D3C4 /* Release */ = {
			isa = XCBuildConfiguration;
			buildSettings = {
				ASSETCATALOG_COMPILER_APPICON_NAME = AppIcon;
				ASSETCATALOG_COMPILER_GLOBAL_ACCENT_COLOR_NAME = AccentColor;
				CODE_SIGN_STYLE = Automatic;
				CURRENT_PROJECT_VERSION = 1;
				DEVELOPMENT_TEAM = ZHUP53TKVA;
				GENERATE_INFOPLIST_FILE = YES;
				INFOPLIST_FILE = Fetch/Info.plist;
				INFOPLIST_KEY_UIApplicationSupportsIndirectInputEvents = YES;
				INFOPLIST_KEY_UILaunchStoryboardName = LaunchScreen;
				INFOPLIST_KEY_UIMainStoryboardFile = "";
				INFOPLIST_KEY_UISupportedInterfaceOrientations = "UIInterfaceOrientationLandscapeLeft UIInterfaceOrientationLandscapeRight UIInterfaceOrientationPortrait UIInterfaceOrientationPortraitUpsideDown";
				INFOPLIST_KEY_UISupportedInterfaceOrientations_iPad = "UIInterfaceOrientationLandscapeLeft UIInterfaceOrientationLandscapeRight UIInterfaceOrientationPortrait";
				INFOPLIST_KEY_UIUserInterfaceStyle = Light;
				IPHONEOS_DEPLOYMENT_TARGET = 16.0;
				LD_RUNPATH_SEARCH_PATHS = (
					"$(inherited)",
					"@executable_path/Frameworks",
				);
				MARKETING_VERSION = 1.0;
				PRODUCT_BUNDLE_IDENTIFIER = com.shanebrelesky.Fetch;
				PRODUCT_NAME = "$(TARGET_NAME)";
				SWIFT_EMIT_LOC_STRINGS = YES;
				SWIFT_VERSION = 5.0;
				TARGETED_DEVICE_FAMILY = "1,2";
			};
			name = Release;
		};
		347C05AB2C59A76D0002D3C4 /* Debug */ = {
			isa = XCBuildConfiguration;
			buildSettings = {
				ALWAYS_EMBED_SWIFT_STANDARD_LIBRARIES = YES;
				BUNDLE_LOADER = "$(TEST_HOST)";
				CODE_SIGN_STYLE = Automatic;
				CURRENT_PROJECT_VERSION = 1;
				DEVELOPMENT_TEAM = ZHUP53TKVA;
				GENERATE_INFOPLIST_FILE = YES;
				IPHONEOS_DEPLOYMENT_TARGET = 17.5;
				MARKETING_VERSION = 1.0;
				PRODUCT_BUNDLE_IDENTIFIER = com.shanebrelesky.FetchTests;
				PRODUCT_NAME = "$(TARGET_NAME)";
				SWIFT_EMIT_LOC_STRINGS = NO;
				SWIFT_VERSION = 5.0;
				TARGETED_DEVICE_FAMILY = "1,2";
				TEST_HOST = "$(BUILT_PRODUCTS_DIR)/Fetch.app/$(BUNDLE_EXECUTABLE_FOLDER_PATH)/Fetch";
			};
			name = Debug;
		};
		347C05AC2C59A76D0002D3C4 /* Release */ = {
			isa = XCBuildConfiguration;
			buildSettings = {
				ALWAYS_EMBED_SWIFT_STANDARD_LIBRARIES = YES;
				BUNDLE_LOADER = "$(TEST_HOST)";
				CODE_SIGN_STYLE = Automatic;
				CURRENT_PROJECT_VERSION = 1;
				DEVELOPMENT_TEAM = ZHUP53TKVA;
				GENERATE_INFOPLIST_FILE = YES;
				IPHONEOS_DEPLOYMENT_TARGET = 17.5;
				MARKETING_VERSION = 1.0;
				PRODUCT_BUNDLE_IDENTIFIER = com.shanebrelesky.FetchTests;
				PRODUCT_NAME = "$(TARGET_NAME)";
				SWIFT_EMIT_LOC_STRINGS = NO;
				SWIFT_VERSION = 5.0;
				TARGETED_DEVICE_FAMILY = "1,2";
				TEST_HOST = "$(BUILT_PRODUCTS_DIR)/Fetch.app/$(BUNDLE_EXECUTABLE_FOLDER_PATH)/Fetch";
			};
			name = Release;
		};
		347C05AE2C59A76D0002D3C4 /* Debug */ = {
			isa = XCBuildConfiguration;
			buildSettings = {
				ALWAYS_EMBED_SWIFT_STANDARD_LIBRARIES = YES;
				CODE_SIGN_STYLE = Automatic;
				CURRENT_PROJECT_VERSION = 1;
				DEVELOPMENT_TEAM = ZHUP53TKVA;
				GENERATE_INFOPLIST_FILE = YES;
				MARKETING_VERSION = 1.0;
				PRODUCT_BUNDLE_IDENTIFIER = com.shanebrelesky.FetchUITests;
				PRODUCT_NAME = "$(TARGET_NAME)";
				SWIFT_EMIT_LOC_STRINGS = NO;
				SWIFT_VERSION = 5.0;
				TARGETED_DEVICE_FAMILY = "1,2";
				TEST_TARGET_NAME = Fetch;
			};
			name = Debug;
		};
		347C05AF2C59A76D0002D3C4 /* Release */ = {
			isa = XCBuildConfiguration;
			buildSettings = {
				ALWAYS_EMBED_SWIFT_STANDARD_LIBRARIES = YES;
				CODE_SIGN_STYLE = Automatic;
				CURRENT_PROJECT_VERSION = 1;
				DEVELOPMENT_TEAM = ZHUP53TKVA;
				GENERATE_INFOPLIST_FILE = YES;
				MARKETING_VERSION = 1.0;
				PRODUCT_BUNDLE_IDENTIFIER = com.shanebrelesky.FetchUITests;
				PRODUCT_NAME = "$(TARGET_NAME)";
				SWIFT_EMIT_LOC_STRINGS = NO;
				SWIFT_VERSION = 5.0;
				TARGETED_DEVICE_FAMILY = "1,2";
				TEST_TARGET_NAME = Fetch;
			};
			name = Release;
		};
/* End XCBuildConfiguration section */

/* Begin XCConfigurationList section */
		347C05782C59A76C0002D3C4 /* Build configuration list for PBXProject "Fetch" */ = {
			isa = XCConfigurationList;
			buildConfigurations = (
				347C05A52C59A76D0002D3C4 /* Debug */,
				347C05A62C59A76D0002D3C4 /* Release */,
			);
			defaultConfigurationIsVisible = 0;
			defaultConfigurationName = Release;
		};
		347C05A72C59A76D0002D3C4 /* Build configuration list for PBXNativeTarget "Fetch" */ = {
			isa = XCConfigurationList;
			buildConfigurations = (
				347C05A82C59A76D0002D3C4 /* Debug */,
				347C05A92C59A76D0002D3C4 /* Release */,
			);
			defaultConfigurationIsVisible = 0;
			defaultConfigurationName = Release;
		};
		347C05AA2C59A76D0002D3C4 /* Build configuration list for PBXNativeTarget "FetchTests" */ = {
			isa = XCConfigurationList;
			buildConfigurations = (
				347C05AB2C59A76D0002D3C4 /* Debug */,
				347C05AC2C59A76D0002D3C4 /* Release */,
			);
			defaultConfigurationIsVisible = 0;
			defaultConfigurationName = Release;
		};
		347C05AD2C59A76D0002D3C4 /* Build configuration list for PBXNativeTarget "FetchUITests" */ = {
			isa = XCConfigurationList;
			buildConfigurations = (
				347C05AE2C59A76D0002D3C4 /* Debug */,
				347C05AF2C59A76D0002D3C4 /* Release */,
			);
			defaultConfigurationIsVisible = 0;
			defaultConfigurationName = Release;
		};
/* End XCConfigurationList section */
	};
	rootObject = 347C05752C59A76C0002D3C4 /* Project object */;
}
